// !$*UTF8*$!
{
	archiveVersion = 1;
	classes = {
	};
	objectVersion = 50;
	objects = {

/* Begin PBXBuildFile section */
		0BAEE964221A8C7700CA0532 /* AppDelegate.swift in Sources */ = {isa = PBXBuildFile; fileRef = 0BAEE963221A8C7700CA0532 /* AppDelegate.swift */; };
		0BAEE966221A8C7700CA0532 /* ViewController.swift in Sources */ = {isa = PBXBuildFile; fileRef = 0BAEE965221A8C7700CA0532 /* ViewController.swift */; };
		0BAEE969221A8C7700CA0532 /* Main.storyboard in Resources */ = {isa = PBXBuildFile; fileRef = 0BAEE967221A8C7700CA0532 /* Main.storyboard */; };
		0BAEE96B221A8C7800CA0532 /* Assets.xcassets in Resources */ = {isa = PBXBuildFile; fileRef = 0BAEE96A221A8C7800CA0532 /* Assets.xcassets */; };
		0BAEE96E221A8C7800CA0532 /* LaunchScreen.storyboard in Resources */ = {isa = PBXBuildFile; fileRef = 0BAEE96C221A8C7800CA0532 /* LaunchScreen.storyboard */; };
		0BAEE979221A8C7800CA0532 /* ToDoAppTests.swift in Sources */ = {isa = PBXBuildFile; fileRef = 0BAEE978221A8C7800CA0532 /* ToDoAppTests.swift */; };
		0BAEE984221A8C7800CA0532 /* ToDoAppUITests.swift in Sources */ = {isa = PBXBuildFile; fileRef = 0BAEE983221A8C7800CA0532 /* ToDoAppUITests.swift */; };
/* End PBXBuildFile section */

/* Begin PBXContainerItemProxy section */
		0BAEE975221A8C7800CA0532 /* PBXContainerItemProxy */ = {
			isa = PBXContainerItemProxy;
			containerPortal = 0BAEE958221A8C7700CA0532 /* Project object */;
			proxyType = 1;
			remoteGlobalIDString = 0BAEE95F221A8C7700CA0532;
			remoteInfo = ToDoApp;
		};
		0BAEE980221A8C7800CA0532 /* PBXContainerItemProxy */ = {
			isa = PBXContainerItemProxy;
			containerPortal = 0BAEE958221A8C7700CA0532 /* Project object */;
			proxyType = 1;
			remoteGlobalIDString = 0BAEE95F221A8C7700CA0532;
			remoteInfo = ToDoApp;
		};
/* End PBXContainerItemProxy section */

/* Begin PBXFileReference section */
		0BAEE960221A8C7700CA0532 /* ToDoApp.app */ = {isa = PBXFileReference; explicitFileType = wrapper.application; includeInIndex = 0; path = ToDoApp.app; sourceTree = BUILT_PRODUCTS_DIR; };
		0BAEE963221A8C7700CA0532 /* AppDelegate.swift */ = {isa = PBXFileReference; lastKnownFileType = sourcecode.swift; path = AppDelegate.swift; sourceTree = "<group>"; };
		0BAEE965221A8C7700CA0532 /* ViewController.swift */ = {isa = PBXFileReference; lastKnownFileType = sourcecode.swift; path = ViewController.swift; sourceTree = "<group>"; };
		0BAEE968221A8C7700CA0532 /* Base */ = {isa = PBXFileReference; lastKnownFileType = file.storyboard; name = Base; path = Base.lproj/Main.storyboard; sourceTree = "<group>"; };
		0BAEE96A221A8C7800CA0532 /* Assets.xcassets */ = {isa = PBXFileReference; lastKnownFileType = folder.assetcatalog; path = Assets.xcassets; sourceTree = "<group>"; };
		0BAEE96D221A8C7800CA0532 /* Base */ = {isa = PBXFileReference; lastKnownFileType = file.storyboard; name = Base; path = Base.lproj/LaunchScreen.storyboard; sourceTree = "<group>"; };
		0BAEE96F221A8C7800CA0532 /* Info.plist */ = {isa = PBXFileReference; lastKnownFileType = text.plist.xml; path = Info.plist; sourceTree = "<group>"; };
		0BAEE974221A8C7800CA0532 /* ToDoAppTests.xctest */ = {isa = PBXFileReference; explicitFileType = wrapper.cfbundle; includeInIndex = 0; path = ToDoAppTests.xctest; sourceTree = BUILT_PRODUCTS_DIR; };
		0BAEE978221A8C7800CA0532 /* ToDoAppTests.swift */ = {isa = PBXFileReference; lastKnownFileType = sourcecode.swift; path = ToDoAppTests.swift; sourceTree = "<group>"; };
		0BAEE97A221A8C7800CA0532 /* Info.plist */ = {isa = PBXFileReference; lastKnownFileType = text.plist.xml; path = Info.plist; sourceTree = "<group>"; };
		0BAEE97F221A8C7800CA0532 /* ToDoAppUITests.xctest */ = {isa = PBXFileReference; explicitFileType = wrapper.cfbundle; includeInIndex = 0; path = ToDoAppUITests.xctest; sourceTree = BUILT_PRODUCTS_DIR; };
		0BAEE983221A8C7800CA0532 /* ToDoAppUITests.swift */ = {isa = PBXFileReference; lastKnownFileType = sourcecode.swift; path = ToDoAppUITests.swift; sourceTree = "<group>"; };
		0BAEE985221A8C7800CA0532 /* Info.plist */ = {isa = PBXFileReference; lastKnownFileType = text.plist.xml; path = Info.plist; sourceTree = "<group>"; };
/* End PBXFileReference section */

/* Begin PBXFrameworksBuildPhase section */
		0BAEE95D221A8C7700CA0532 /* Frameworks */ = {
			isa = PBXFrameworksBuildPhase;
			buildActionMask = 2147483647;
			files = (
			);
			runOnlyForDeploymentPostprocessing = 0;
		};
		0BAEE971221A8C7800CA0532 /* Frameworks */ = {
			isa = PBXFrameworksBuildPhase;
			buildActionMask = 2147483647;
			files = (
			);
			runOnlyForDeploymentPostprocessing = 0;
		};
		0BAEE97C221A8C7800CA0532 /* Frameworks */ = {
			isa = PBXFrameworksBuildPhase;
			buildActionMask = 2147483647;
			files = (
			);
			runOnlyForDeploymentPostprocessing = 0;
		};
/* End PBXFrameworksBuildPhase section */

/* Begin PBXGroup section */
		0BAEE957221A8C7700CA0532 = {
			isa = PBXGroup;
			children = (
				0BAEE962221A8C7700CA0532 /* ToDoApp */,
				0BAEE977221A8C7800CA0532 /* ToDoAppTests */,
				0BAEE982221A8C7800CA0532 /* ToDoAppUITests */,
				0BAEE961221A8C7700CA0532 /* Products */,
			);
			sourceTree = "<group>";
		};
		0BAEE961221A8C7700CA0532 /* Products */ = {
			isa = PBXGroup;
			children = (
				0BAEE960221A8C7700CA0532 /* ToDoApp.app */,
				0BAEE974221A8C7800CA0532 /* ToDoAppTests.xctest */,
				0BAEE97F221A8C7800CA0532 /* ToDoAppUITests.xctest */,
			);
			name = Products;
			sourceTree = "<group>";
		};
		0BAEE962221A8C7700CA0532 /* ToDoApp */ = {
			isa = PBXGroup;
			children = (
				0BAEE963221A8C7700CA0532 /* AppDelegate.swift */,
				0BAEE965221A8C7700CA0532 /* ViewController.swift */,
				0BAEE967221A8C7700CA0532 /* Main.storyboard */,
				0BAEE96A221A8C7800CA0532 /* Assets.xcassets */,
				0BAEE96C221A8C7800CA0532 /* LaunchScreen.storyboard */,
				0BAEE96F221A8C7800CA0532 /* Info.plist */,
			);
			path = ToDoApp;
			sourceTree = "<group>";
		};
		0BAEE977221A8C7800CA0532 /* ToDoAppTests */ = {
			isa = PBXGroup;
			children = (
				0BAEE978221A8C7800CA0532 /* ToDoAppTests.swift */,
				0BAEE97A221A8C7800CA0532 /* Info.plist */,
			);
			path = ToDoAppTests;
			sourceTree = "<group>";
		};
		0BAEE982221A8C7800CA0532 /* ToDoAppUITests */ = {
			isa = PBXGroup;
			children = (
				0BAEE983221A8C7800CA0532 /* ToDoAppUITests.swift */,
				0BAEE985221A8C7800CA0532 /* Info.plist */,
			);
			path = ToDoAppUITests;
			sourceTree = "<group>";
		};
/* End PBXGroup section */

/* Begin PBXNativeTarget section */
		0BAEE95F221A8C7700CA0532 /* ToDoApp */ = {
			isa = PBXNativeTarget;
			buildConfigurationList = 0BAEE988221A8C7800CA0532 /* Build configuration list for PBXNativeTarget "ToDoApp" */;
			buildPhases = (
				0BAEE95C221A8C7700CA0532 /* Sources */,
				0BAEE95D221A8C7700CA0532 /* Frameworks */,
				0BAEE95E221A8C7700CA0532 /* Resources */,
			);
			buildRules = (
			);
			dependencies = (
			);
			name = ToDoApp;
			productName = ToDoApp;
			productReference = 0BAEE960221A8C7700CA0532 /* ToDoApp.app */;
			productType = "com.apple.product-type.application";
		};
		0BAEE973221A8C7800CA0532 /* ToDoAppTests */ = {
			isa = PBXNativeTarget;
			buildConfigurationList = 0BAEE98B221A8C7800CA0532 /* Build configuration list for PBXNativeTarget "ToDoAppTests" */;
			buildPhases = (
				0BAEE970221A8C7800CA0532 /* Sources */,
				0BAEE971221A8C7800CA0532 /* Frameworks */,
				0BAEE972221A8C7800CA0532 /* Resources */,
			);
			buildRules = (
			);
			dependencies = (
				0BAEE976221A8C7800CA0532 /* PBXTargetDependency */,
			);
			name = ToDoAppTests;
			productName = ToDoAppTests;
			productReference = 0BAEE974221A8C7800CA0532 /* ToDoAppTests.xctest */;
			productType = "com.apple.product-type.bundle.unit-test";
		};
		0BAEE97E221A8C7800CA0532 /* ToDoAppUITests */ = {
			isa = PBXNativeTarget;
			buildConfigurationList = 0BAEE98E221A8C7800CA0532 /* Build configuration list for PBXNativeTarget "ToDoAppUITests" */;
			buildPhases = (
				0BAEE97B221A8C7800CA0532 /* Sources */,
				0BAEE97C221A8C7800CA0532 /* Frameworks */,
				0BAEE97D221A8C7800CA0532 /* Resources */,
			);
			buildRules = (
			);
			dependencies = (
				0BAEE981221A8C7800CA0532 /* PBXTargetDependency */,
			);
			name = ToDoAppUITests;
			productName = ToDoAppUITests;
			productReference = 0BAEE97F221A8C7800CA0532 /* ToDoAppUITests.xctest */;
			productType = "com.apple.product-type.bundle.ui-testing";
		};
/* End PBXNativeTarget section */

/* Begin PBXProject section */
		0BAEE958221A8C7700CA0532 /* Project object */ = {
			isa = PBXProject;
			attributes = {
				LastSwiftUpdateCheck = 1010;
				LastUpgradeCheck = 1010;
				ORGANIZATIONNAME = ValJapan;
				TargetAttributes = {
					0BAEE95F221A8C7700CA0532 = {
						CreatedOnToolsVersion = 10.1;
					};
					0BAEE973221A8C7800CA0532 = {
						CreatedOnToolsVersion = 10.1;
						TestTargetID = 0BAEE95F221A8C7700CA0532;
					};
					0BAEE97E221A8C7800CA0532 = {
						CreatedOnToolsVersion = 10.1;
						TestTargetID = 0BAEE95F221A8C7700CA0532;
					};
				};
			};
			buildConfigurationList = 0BAEE95B221A8C7700CA0532 /* Build configuration list for PBXProject "ToDoApp" */;
			compatibilityVersion = "Xcode 9.3";
			developmentRegion = en;
			hasScannedForEncodings = 0;
			knownRegions = (
				en,
				Base,
			);
			mainGroup = 0BAEE957221A8C7700CA0532;
			productRefGroup = 0BAEE961221A8C7700CA0532 /* Products */;
			projectDirPath = "";
			projectRoot = "";
			targets = (
				0BAEE95F221A8C7700CA0532 /* ToDoApp */,
				0BAEE973221A8C7800CA0532 /* ToDoAppTests */,
				0BAEE97E221A8C7800CA0532 /* ToDoAppUITests */,
			);
		};
/* End PBXProject section */

/* Begin PBXResourcesBuildPhase section */
		0BAEE95E221A8C7700CA0532 /* Resources */ = {
			isa = PBXResourcesBuildPhase;
			buildActionMask = 2147483647;
			files = (
				0BAEE96E221A8C7800CA0532 /* LaunchScreen.storyboard in Resources */,
				0BAEE96B221A8C7800CA0532 /* Assets.xcassets in Resources */,
				0BAEE969221A8C7700CA0532 /* Main.storyboard in Resources */,
			);
			runOnlyForDeploymentPostprocessing = 0;
		};
		0BAEE972221A8C7800CA0532 /* Resources */ = {
			isa = PBXResourcesBuildPhase;
			buildActionMask = 2147483647;
			files = (
			);
			runOnlyForDeploymentPostprocessing = 0;
		};
		0BAEE97D221A8C7800CA0532 /* Resources */ = {
			isa = PBXResourcesBuildPhase;
			buildActionMask = 2147483647;
			files = (
			);
			runOnlyForDeploymentPostprocessing = 0;
		};
/* End PBXResourcesBuildPhase section */

/* Begin PBXSourcesBuildPhase section */
		0BAEE95C221A8C7700CA0532 /* Sources */ = {
			isa = PBXSourcesBuildPhase;
			buildActionMask = 2147483647;
			files = (
				0BAEE966221A8C7700CA0532 /* ViewController.swift in Sources */,
				0BAEE964221A8C7700CA0532 /* AppDelegate.swift in Sources */,
			);
			runOnlyForDeploymentPostprocessing = 0;
		};
		0BAEE970221A8C7800CA0532 /* Sources */ = {
			isa = PBXSourcesBuildPhase;
			buildActionMask = 2147483647;
			files = (
				0BAEE979221A8C7800CA0532 /* ToDoAppTests.swift in Sources */,
			);
			runOnlyForDeploymentPostprocessing = 0;
		};
		0BAEE97B221A8C7800CA0532 /* Sources */ = {
			isa = PBXSourcesBuildPhase;
			buildActionMask = 2147483647;
			files = (
				0BAEE984221A8C7800CA0532 /* ToDoAppUITests.swift in Sources */,
			);
			runOnlyForDeploymentPostprocessing = 0;
		};
/* End PBXSourcesBuildPhase section */

/* Begin PBXTargetDependency section */
		0BAEE976221A8C7800CA0532 /* PBXTargetDependency */ = {
			isa = PBXTargetDependency;
			target = 0BAEE95F221A8C7700CA0532 /* ToDoApp */;
			targetProxy = 0BAEE975221A8C7800CA0532 /* PBXContainerItemProxy */;
		};
		0BAEE981221A8C7800CA0532 /* PBXTargetDependency */ = {
			isa = PBXTargetDependency;
			target = 0BAEE95F221A8C7700CA0532 /* ToDoApp */;
			targetProxy = 0BAEE980221A8C7800CA0532 /* PBXContainerItemProxy */;
		};
/* End PBXTargetDependency section */

/* Begin PBXVariantGroup section */
		0BAEE967221A8C7700CA0532 /* Main.storyboard */ = {
			isa = PBXVariantGroup;
			children = (
				0BAEE968221A8C7700CA0532 /* Base */,
			);
			name = Main.storyboard;
			sourceTree = "<group>";
		};
		0BAEE96C221A8C7800CA0532 /* LaunchScreen.storyboard */ = {
			isa = PBXVariantGroup;
			children = (
				0BAEE96D221A8C7800CA0532 /* Base */,
			);
			name = LaunchScreen.storyboard;
			sourceTree = "<group>";
		};
/* End PBXVariantGroup section */

/* Begin XCBuildConfiguration section */
		0BAEE986221A8C7800CA0532 /* Debug */ = {
			isa = XCBuildConfiguration;
			buildSettings = {
				ALWAYS_SEARCH_USER_PATHS = NO;
				CLANG_ANALYZER_NONNULL = YES;
				CLANG_ANALYZER_NUMBER_OBJECT_CONVERSION = YES_AGGRESSIVE;
				CLANG_CXX_LANGUAGE_STANDARD = "gnu++14";
				CLANG_CXX_LIBRARY = "libc++";
				CLANG_ENABLE_MODULES = YES;
				CLANG_ENABLE_OBJC_ARC = YES;
				CLANG_ENABLE_OBJC_WEAK = YES;
				CLANG_WARN_BLOCK_CAPTURE_AUTORELEASING = YES;
				CLANG_WARN_BOOL_CONVERSION = YES;
				CLANG_WARN_COMMA = YES;
				CLANG_WARN_CONSTANT_CONVERSION = YES;
				CLANG_WARN_DEPRECATED_OBJC_IMPLEMENTATIONS = YES;
				CLANG_WARN_DIRECT_OBJC_ISA_USAGE = YES_ERROR;
				CLANG_WARN_DOCUMENTATION_COMMENTS = YES;
				CLANG_WARN_EMPTY_BODY = YES;
				CLANG_WARN_ENUM_CONVERSION = YES;
				CLANG_WARN_INFINITE_RECURSION = YES;
				CLANG_WARN_INT_CONVERSION = YES;
				CLANG_WARN_NON_LITERAL_NULL_CONVERSION = YES;
				CLANG_WARN_OBJC_IMPLICIT_RETAIN_SELF = YES;
				CLANG_WARN_OBJC_LITERAL_CONVERSION = YES;
				CLANG_WARN_OBJC_ROOT_CLASS = YES_ERROR;
				CLANG_WARN_RANGE_LOOP_ANALYSIS = YES;
				CLANG_WARN_STRICT_PROTOTYPES = YES;
				CLANG_WARN_SUSPICIOUS_MOVE = YES;
				CLANG_WARN_UNGUARDED_AVAILABILITY = YES_AGGRESSIVE;
				CLANG_WARN_UNREACHABLE_CODE = YES;
				CLANG_WARN__DUPLICATE_METHOD_MATCH = YES;
				CODE_SIGN_IDENTITY = "iPhone Developer";
				COPY_PHASE_STRIP = NO;
				DEBUG_INFORMATION_FORMAT = dwarf;
				ENABLE_STRICT_OBJC_MSGSEND = YES;
				ENABLE_TESTABILITY = YES;
				GCC_C_LANGUAGE_STANDARD = gnu11;
				GCC_DYNAMIC_NO_PIC = NO;
				GCC_NO_COMMON_BLOCKS = YES;
				GCC_OPTIMIZATION_LEVEL = 0;
				GCC_PREPROCESSOR_DEFINITIONS = (
					"DEBUG=1",
					"$(inherited)",
				);
				GCC_WARN_64_TO_32_BIT_CONVERSION = YES;
				GCC_WARN_ABOUT_RETURN_TYPE = YES_ERROR;
				GCC_WARN_UNDECLARED_SELECTOR = YES;
				GCC_WARN_UNINITIALIZED_AUTOS = YES_AGGRESSIVE;
				GCC_WARN_UNUSED_FUNCTION = YES;
				GCC_WARN_UNUSED_VARIABLE = YES;
				IPHONEOS_DEPLOYMENT_TARGET = 12.1;
				MTL_ENABLE_DEBUG_INFO = INCLUDE_SOURCE;
				MTL_FAST_MATH = YES;
				ONLY_ACTIVE_ARCH = YES;
				SDKROOT = iphoneos;
				SWIFT_ACTIVE_COMPILATION_CONDITIONS = DEBUG;
				SWIFT_OPTIMIZATION_LEVEL = "-Onone";
			};
			name = Debug;
		};
		0BAEE987221A8C7800CA0532 /* Release */ = {
			isa = XCBuildConfiguration;
			buildSettings = {
				ALWAYS_SEARCH_USER_PATHS = NO;
				CLANG_ANALYZER_NONNULL = YES;
				CLANG_ANALYZER_NUMBER_OBJECT_CONVERSION = YES_AGGRESSIVE;
				CLANG_CXX_LANGUAGE_STANDARD = "gnu++14";
				CLANG_CXX_LIBRARY = "libc++";
				CLANG_ENABLE_MODULES = YES;
				CLANG_ENABLE_OBJC_ARC = YES;
				CLANG_ENABLE_OBJC_WEAK = YES;
				CLANG_WARN_BLOCK_CAPTURE_AUTORELEASING = YES;
				CLANG_WARN_BOOL_CONVERSION = YES;
				CLANG_WARN_COMMA = YES;
				CLANG_WARN_CONSTANT_CONVERSION = YES;
				CLANG_WARN_DEPRECATED_OBJC_IMPLEMENTATIONS = YES;
				CLANG_WARN_DIRECT_OBJC_ISA_USAGE = YES_ERROR;
				CLANG_WARN_DOCUMENTATION_COMMENTS = YES;
				CLANG_WARN_EMPTY_BODY = YES;
				CLANG_WARN_ENUM_CONVERSION = YES;
				CLANG_WARN_INFINITE_RECURSION = YES;
				CLANG_WARN_INT_CONVERSION = YES;
				CLANG_WARN_NON_LITERAL_NULL_CONVERSION = YES;
				CLANG_WARN_OBJC_IMPLICIT_RETAIN_SELF = YES;
				CLANG_WARN_OBJC_LITERAL_CONVERSION = YES;
				CLANG_WARN_OBJC_ROOT_CLASS = YES_ERROR;
				CLANG_WARN_RANGE_LOOP_ANALYSIS = YES;
				CLANG_WARN_STRICT_PROTOTYPES = YES;
				CLANG_WARN_SUSPICIOUS_MOVE = YES;
				CLANG_WARN_UNGUARDED_AVAILABILITY = YES_AGGRESSIVE;
				CLANG_WARN_UNREACHABLE_CODE = YES;
				CLANG_WARN__DUPLICATE_METHOD_MATCH = YES;
				CODE_SIGN_IDENTITY = "iPhone Developer";
				COPY_PHASE_STRIP = NO;
				DEBUG_INFORMATION_FORMAT = "dwarf-with-dsym";
				ENABLE_NS_ASSERTIONS = NO;
				ENABLE_STRICT_OBJC_MSGSEND = YES;
				GCC_C_LANGUAGE_STANDARD = gnu11;
				GCC_NO_COMMON_BLOCKS = YES;
				GCC_WARN_64_TO_32_BIT_CONVERSION = YES;
				GCC_WARN_ABOUT_RETURN_TYPE = YES_ERROR;
				GCC_WARN_UNDECLARED_SELECTOR = YES;
				GCC_WARN_UNINITIALIZED_AUTOS = YES_AGGRESSIVE;
				GCC_WARN_UNUSED_FUNCTION = YES;
				GCC_WARN_UNUSED_VARIABLE = YES;
				IPHONEOS_DEPLOYMENT_TARGET = 12.1;
				MTL_ENABLE_DEBUG_INFO = NO;
				MTL_FAST_MATH = YES;
				SDKROOT = iphoneos;
				SWIFT_COMPILATION_MODE = wholemodule;
				SWIFT_OPTIMIZATION_LEVEL = "-O";
				VALIDATE_PRODUCT = YES;
			};
			name = Release;
		};
		0BAEE989221A8C7800CA0532 /* Debug */ = {
			isa = XCBuildConfiguration;
			buildSettings = {
				ASSETCATALOG_COMPILER_APPICON_NAME = AppIcon;
				CODE_SIGN_STYLE = Automatic;
				INFOPLIST_FILE = ToDoApp/Info.plist;
				LD_RUNPATH_SEARCH_PATHS = (
					"$(inherited)",
					"@executable_path/Frameworks",
				);
				PRODUCT_BUNDLE_IDENTIFIER = com.valjapan.ToDoApp;
				PRODUCT_NAME = "$(TARGET_NAME)";
				SWIFT_VERSION = 4.2;
				TARGETED_DEVICE_FAMILY = "1,2";
			};
			name = Debug;
		};
		0BAEE98A221A8C7800CA0532 /* Release */ = {
			isa = XCBuildConfiguration;
			buildSettings = {
				ASSETCATALOG_COMPILER_APPICON_NAME = AppIcon;
				CODE_SIGN_STYLE = Automatic;
				INFOPLIST_FILE = ToDoApp/Info.plist;
				LD_RUNPATH_SEARCH_PATHS = (
					"$(inherited)",
					"@executable_path/Frameworks",
				);
				PRODUCT_BUNDLE_IDENTIFIER = com.valjapan.ToDoApp;
				PRODUCT_NAME = "$(TARGET_NAME)";
				SWIFT_VERSION = 4.2;
				TARGETED_DEVICE_FAMILY = "1,2";
			};
			name = Release;
		};
		0BAEE98C221A8C7800CA0532 /* Debug */ = {
			isa = XCBuildConfiguration;
			buildSettings = {
				ALWAYS_EMBED_SWIFT_STANDARD_LIBRARIES = YES;
				BUNDLE_LOADER = "$(TEST_HOST)";
				CODE_SIGN_STYLE = Automatic;
				INFOPLIST_FILE = ToDoAppTests/Info.plist;
				LD_RUNPATH_SEARCH_PATHS = (
					"$(inherited)",
					"@executable_path/Frameworks",
					"@loader_path/Frameworks",
				);
				PRODUCT_BUNDLE_IDENTIFIER = com.valjapan.ToDoAppTests;
				PRODUCT_NAME = "$(TARGET_NAME)";
				SWIFT_VERSION = 4.2;
				TARGETED_DEVICE_FAMILY = "1,2";
				TEST_HOST = "$(BUILT_PRODUCTS_DIR)/ToDoApp.app/ToDoApp";
			};
			name = Debug;
		};
		0BAEE98D221A8C7800CA0532 /* Release */ = {
			isa = XCBuildConfiguration;
			buildSettings = {
				ALWAYS_EMBED_SWIFT_STANDARD_LIBRARIES = YES;
				BUNDLE_LOADER = "$(TEST_HOST)";
				CODE_SIGN_STYLE = Automatic;
				INFOPLIST_FILE = ToDoAppTests/Info.plist;
				LD_RUNPATH_SEARCH_PATHS = (
					"$(inherited)",
					"@executable_path/Frameworks",
					"@loader_path/Frameworks",
				);
				PRODUCT_BUNDLE_IDENTIFIER = com.valjapan.ToDoAppTests;
				PRODUCT_NAME = "$(TARGET_NAME)";
				SWIFT_VERSION = 4.2;
				TARGETED_DEVICE_FAMILY = "1,2";
				TEST_HOST = "$(BUILT_PRODUCTS_DIR)/ToDoApp.app/ToDoApp";
			};
			name = Release;
		};
		0BAEE98F221A8C7800CA0532 /* Debug */ = {
			isa = XCBuildConfiguration;
			buildSettings = {
				ALWAYS_EMBED_SWIFT_STANDARD_LIBRARIES = YES;
				CODE_SIGN_STYLE = Automatic;
				INFOPLIST_FILE = ToDoAppUITests/Info.plist;
				LD_RUNPATH_SEARCH_PATHS = (
					"$(inherited)",
					"@executable_path/Frameworks",
					"@loader_path/Frameworks",
				);
				PRODUCT_BUNDLE_IDENTIFIER = com.valjapan.ToDoAppUITests;
				PRODUCT_NAME = "$(TARGET_NAME)";
				SWIFT_VERSION = 4.2;
				TARGETED_DEVICE_FAMILY = "1,2";
				TEST_TARGET_NAME = ToDoApp;
			};
			name = Debug;
		};
		0BAEE990221A8C7800CA0532 /* Release */ = {
			isa = XCBuildConfiguration;
			buildSettings = {
				ALWAYS_EMBED_SWIFT_STANDARD_LIBRARIES = YES;
				CODE_SIGN_STYLE = Automatic;
				INFOPLIST_FILE = ToDoAppUITests/Info.plist;
				LD_RUNPATH_SEARCH_PATHS = (
					"$(inherited)",
					"@executable_path/Frameworks",
					"@loader_path/Frameworks",
				);
				PRODUCT_BUNDLE_IDENTIFIER = com.valjapan.ToDoAppUITests;
				PRODUCT_NAME = "$(TARGET_NAME)";
				SWIFT_VERSION = 4.2;
				TARGETED_DEVICE_FAMILY = "1,2";
				TEST_TARGET_NAME = ToDoApp;
			};
			name = Release;
		};
/* End XCBuildConfiguration section */

/* Begin XCConfigurationList section */
		0BAEE95B221A8C7700CA0532 /* Build configuration list for PBXProject "ToDoApp" */ = {
			isa = XCConfigurationList;
			buildConfigurations = (
				0BAEE986221A8C7800CA0532 /* Debug */,
				0BAEE987221A8C7800CA0532 /* Release */,
			);
			defaultConfigurationIsVisible = 0;
			defaultConfigurationName = Release;
		};
		0BAEE988221A8C7800CA0532 /* Build configuration list for PBXNativeTarget "ToDoApp" */ = {
			isa = XCConfigurationList;
			buildConfigurations = (
				0BAEE989221A8C7800CA0532 /* Debug */,
				0BAEE98A221A8C7800CA0532 /* Release */,
			);
			defaultConfigurationIsVisible = 0;
			defaultConfigurationName = Release;
		};
		0BAEE98B221A8C7800CA0532 /* Build configuration list for PBXNativeTarget "ToDoAppTests" */ = {
			isa = XCConfigurationList;
			buildConfigurations = (
				0BAEE98C221A8C7800CA0532 /* Debug */,
				0BAEE98D221A8C7800CA0532 /* Release */,
			);
			defaultConfigurationIsVisible = 0;
			defaultConfigurationName = Release;
		};
		0BAEE98E221A8C7800CA0532 /* Build configuration list for PBXNativeTarget "ToDoAppUITests" */ = {
			isa = XCConfigurationList;
			buildConfigurations = (
				0BAEE98F221A8C7800CA0532 /* Debug */,
				0BAEE990221A8C7800CA0532 /* Release */,
			);
			defaultConfigurationIsVisible = 0;
			defaultConfigurationName = Release;
		};
/* End XCConfigurationList section */
	};
	rootObject = 0BAEE958221A8C7700CA0532 /* Project object */;
}
